// !$*UTF8*$!
{
	archiveVersion = 1;
	classes = {
	};
	objectVersion = 56;
	objects = {

/* Begin PBXBuildFile section */
		F02DBFD029C1B822007CBE9D /* AppDelegate.swift in Sources */ = {isa = PBXBuildFile; fileRef = F02DBFCF29C1B822007CBE9D /* AppDelegate.swift */; };
		F02DBFD229C1B822007CBE9D /* SceneDelegate.swift in Sources */ = {isa = PBXBuildFile; fileRef = F02DBFD129C1B822007CBE9D /* SceneDelegate.swift */; };
		F02DBFD429C1B822007CBE9D /* ViewController.swift in Sources */ = {isa = PBXBuildFile; fileRef = F02DBFD329C1B822007CBE9D /* ViewController.swift */; };
		F02DBFD729C1B822007CBE9D /* Main.storyboard in Resources */ = {isa = PBXBuildFile; fileRef = F02DBFD529C1B822007CBE9D /* Main.storyboard */; };
		F02DBFD929C1B823007CBE9D /* Assets.xcassets in Resources */ = {isa = PBXBuildFile; fileRef = F02DBFD829C1B823007CBE9D /* Assets.xcassets */; };
		F02DBFDC29C1B823007CBE9D /* LaunchScreen.storyboard in Resources */ = {isa = PBXBuildFile; fileRef = F02DBFDA29C1B823007CBE9D /* LaunchScreen.storyboard */; };
		F02DBFE729C1B824007CBE9D /* MytubeTests.swift in Sources */ = {isa = PBXBuildFile; fileRef = F02DBFE629C1B824007CBE9D /* MytubeTests.swift */; };
		F02DBFF129C1B824007CBE9D /* MytubeUITests.swift in Sources */ = {isa = PBXBuildFile; fileRef = F02DBFF029C1B824007CBE9D /* MytubeUITests.swift */; };
		F02DBFF329C1B824007CBE9D /* MytubeUITestsLaunchTests.swift in Sources */ = {isa = PBXBuildFile; fileRef = F02DBFF229C1B824007CBE9D /* MytubeUITestsLaunchTests.swift */; };
		F0492E6129C4675100BC69F8 /* ViewController +.swift in Sources */ = {isa = PBXBuildFile; fileRef = F0492E6029C4675100BC69F8 /* ViewController +.swift */; };
		F08CC64D29C9491700EE8961 /* CategoryButton.swift in Sources */ = {isa = PBXBuildFile; fileRef = F08CC64C29C9491700EE8961 /* CategoryButton.swift */; };
		F08CC65529C96E2100EE8961 /* SearchViewController.swift in Sources */ = {isa = PBXBuildFile; fileRef = F08CC65429C96E2100EE8961 /* SearchViewController.swift */; };
/* End PBXBuildFile section */

/* Begin PBXContainerItemProxy section */
		F02DBFE329C1B824007CBE9D /* PBXContainerItemProxy */ = {
			isa = PBXContainerItemProxy;
			containerPortal = F02DBFC429C1B822007CBE9D /* Project object */;
			proxyType = 1;
			remoteGlobalIDString = F02DBFCB29C1B822007CBE9D;
			remoteInfo = Mytube;
		};
		F02DBFED29C1B824007CBE9D /* PBXContainerItemProxy */ = {
			isa = PBXContainerItemProxy;
			containerPortal = F02DBFC429C1B822007CBE9D /* Project object */;
			proxyType = 1;
			remoteGlobalIDString = F02DBFCB29C1B822007CBE9D;
			remoteInfo = Mytube;
		};
/* End PBXContainerItemProxy section */

/* Begin PBXFileReference section */
		F02DBFCC29C1B822007CBE9D /* Mytube.app */ = {isa = PBXFileReference; explicitFileType = wrapper.application; includeInIndex = 0; path = Mytube.app; sourceTree = BUILT_PRODUCTS_DIR; };
		F02DBFCF29C1B822007CBE9D /* AppDelegate.swift */ = {isa = PBXFileReference; lastKnownFileType = sourcecode.swift; path = AppDelegate.swift; sourceTree = "<group>"; };
		F02DBFD129C1B822007CBE9D /* SceneDelegate.swift */ = {isa = PBXFileReference; lastKnownFileType = sourcecode.swift; path = SceneDelegate.swift; sourceTree = "<group>"; };
		F02DBFD329C1B822007CBE9D /* ViewController.swift */ = {isa = PBXFileReference; lastKnownFileType = sourcecode.swift; path = ViewController.swift; sourceTree = "<group>"; };
		F02DBFD629C1B822007CBE9D /* Base */ = {isa = PBXFileReference; lastKnownFileType = file.storyboard; name = Base; path = Base.lproj/Main.storyboard; sourceTree = "<group>"; };
		F02DBFD829C1B823007CBE9D /* Assets.xcassets */ = {isa = PBXFileReference; lastKnownFileType = folder.assetcatalog; path = Assets.xcassets; sourceTree = "<group>"; };
		F02DBFDB29C1B823007CBE9D /* Base */ = {isa = PBXFileReference; lastKnownFileType = file.storyboard; name = Base; path = Base.lproj/LaunchScreen.storyboard; sourceTree = "<group>"; };
		F02DBFDD29C1B823007CBE9D /* Info.plist */ = {isa = PBXFileReference; lastKnownFileType = text.plist.xml; path = Info.plist; sourceTree = "<group>"; };
		F02DBFE229C1B824007CBE9D /* MytubeTests.xctest */ = {isa = PBXFileReference; explicitFileType = wrapper.cfbundle; includeInIndex = 0; path = MytubeTests.xctest; sourceTree = BUILT_PRODUCTS_DIR; };
		F02DBFE629C1B824007CBE9D /* MytubeTests.swift */ = {isa = PBXFileReference; lastKnownFileType = sourcecode.swift; path = MytubeTests.swift; sourceTree = "<group>"; };
		F02DBFEC29C1B824007CBE9D /* MytubeUITests.xctest */ = {isa = PBXFileReference; explicitFileType = wrapper.cfbundle; includeInIndex = 0; path = MytubeUITests.xctest; sourceTree = BUILT_PRODUCTS_DIR; };
		F02DBFF029C1B824007CBE9D /* MytubeUITests.swift */ = {isa = PBXFileReference; lastKnownFileType = sourcecode.swift; path = MytubeUITests.swift; sourceTree = "<group>"; };
		F02DBFF229C1B824007CBE9D /* MytubeUITestsLaunchTests.swift */ = {isa = PBXFileReference; lastKnownFileType = sourcecode.swift; path = MytubeUITestsLaunchTests.swift; sourceTree = "<group>"; };
		F0492E6029C4675100BC69F8 /* ViewController +.swift */ = {isa = PBXFileReference; lastKnownFileType = sourcecode.swift; path = "ViewController +.swift"; sourceTree = "<group>"; };
		F08CC64C29C9491700EE8961 /* CategoryButton.swift */ = {isa = PBXFileReference; lastKnownFileType = sourcecode.swift; path = CategoryButton.swift; sourceTree = "<group>"; };
		F08CC65429C96E2100EE8961 /* SearchViewController.swift */ = {isa = PBXFileReference; lastKnownFileType = sourcecode.swift; path = SearchViewController.swift; sourceTree = "<group>"; };
/* End PBXFileReference section */

/* Begin PBXFrameworksBuildPhase section */
		F02DBFC929C1B822007CBE9D /* Frameworks */ = {
			isa = PBXFrameworksBuildPhase;
			buildActionMask = 2147483647;
			files = (
			);
			runOnlyForDeploymentPostprocessing = 0;
		};
		F02DBFDF29C1B824007CBE9D /* Frameworks */ = {
			isa = PBXFrameworksBuildPhase;
			buildActionMask = 2147483647;
			files = (
			);
			runOnlyForDeploymentPostprocessing = 0;
		};
		F02DBFE929C1B824007CBE9D /* Frameworks */ = {
			isa = PBXFrameworksBuildPhase;
			buildActionMask = 2147483647;
			files = (
			);
			runOnlyForDeploymentPostprocessing = 0;
		};
/* End PBXFrameworksBuildPhase section */

/* Begin PBXGroup section */
		F02DBFC329C1B822007CBE9D = {
			isa = PBXGroup;
			children = (
				F02DBFCE29C1B822007CBE9D /* Mytube */,
				F02DBFE529C1B824007CBE9D /* MytubeTests */,
				F02DBFEF29C1B824007CBE9D /* MytubeUITests */,
				F02DBFCD29C1B822007CBE9D /* Products */,
			);
			sourceTree = "<group>";
		};
		F02DBFCD29C1B822007CBE9D /* Products */ = {
			isa = PBXGroup;
			children = (
				F02DBFCC29C1B822007CBE9D /* Mytube.app */,
				F02DBFE229C1B824007CBE9D /* MytubeTests.xctest */,
				F02DBFEC29C1B824007CBE9D /* MytubeUITests.xctest */,
			);
			name = Products;
			sourceTree = "<group>";
		};
		F02DBFCE29C1B822007CBE9D /* Mytube */ = {
			isa = PBXGroup;
			children = (
				F02DBFCF29C1B822007CBE9D /* AppDelegate.swift */,
				F02DBFD129C1B822007CBE9D /* SceneDelegate.swift */,
				F02DBFD329C1B822007CBE9D /* ViewController.swift */,
				F08CC64C29C9491700EE8961 /* CategoryButton.swift */,
				F0492E6029C4675100BC69F8 /* ViewController +.swift */,
				F02DBFD529C1B822007CBE9D /* Main.storyboard */,
				F02DBFD829C1B823007CBE9D /* Assets.xcassets */,
				F02DBFDA29C1B823007CBE9D /* LaunchScreen.storyboard */,
				F02DBFDD29C1B823007CBE9D /* Info.plist */,
				F08CC65429C96E2100EE8961 /* SearchViewController.swift */,
			);
			path = Mytube;
			sourceTree = "<group>";
		};
		F02DBFE529C1B824007CBE9D /* MytubeTests */ = {
			isa = PBXGroup;
			children = (
				F02DBFE629C1B824007CBE9D /* MytubeTests.swift */,
			);
			path = MytubeTests;
			sourceTree = "<group>";
		};
		F02DBFEF29C1B824007CBE9D /* MytubeUITests */ = {
			isa = PBXGroup;
			children = (
				F02DBFF029C1B824007CBE9D /* MytubeUITests.swift */,
				F02DBFF229C1B824007CBE9D /* MytubeUITestsLaunchTests.swift */,
			);
			path = MytubeUITests;
			sourceTree = "<group>";
		};
/* End PBXGroup section */

/* Begin PBXNativeTarget section */
		F02DBFCB29C1B822007CBE9D /* Mytube */ = {
			isa = PBXNativeTarget;
			buildConfigurationList = F02DBFF629C1B824007CBE9D /* Build configuration list for PBXNativeTarget "Mytube" */;
			buildPhases = (
				F02DBFC829C1B822007CBE9D /* Sources */,
				F02DBFC929C1B822007CBE9D /* Frameworks */,
				F02DBFCA29C1B822007CBE9D /* Resources */,
			);
			buildRules = (
			);
			dependencies = (
			);
			name = Mytube;
			productName = Mytube;
			productReference = F02DBFCC29C1B822007CBE9D /* Mytube.app */;
			productType = "com.apple.product-type.application";
		};
		F02DBFE129C1B824007CBE9D /* MytubeTests */ = {
			isa = PBXNativeTarget;
			buildConfigurationList = F02DBFF929C1B824007CBE9D /* Build configuration list for PBXNativeTarget "MytubeTests" */;
			buildPhases = (
				F02DBFDE29C1B824007CBE9D /* Sources */,
				F02DBFDF29C1B824007CBE9D /* Frameworks */,
				F02DBFE029C1B824007CBE9D /* Resources */,
			);
			buildRules = (
			);
			dependencies = (
				F02DBFE429C1B824007CBE9D /* PBXTargetDependency */,
			);
			name = MytubeTests;
			productName = MytubeTests;
			productReference = F02DBFE229C1B824007CBE9D /* MytubeTests.xctest */;
			productType = "com.apple.product-type.bundle.unit-test";
		};
		F02DBFEB29C1B824007CBE9D /* MytubeUITests */ = {
			isa = PBXNativeTarget;
			buildConfigurationList = F02DBFFC29C1B824007CBE9D /* Build configuration list for PBXNativeTarget "MytubeUITests" */;
			buildPhases = (
				F02DBFE829C1B824007CBE9D /* Sources */,
				F02DBFE929C1B824007CBE9D /* Frameworks */,
				F02DBFEA29C1B824007CBE9D /* Resources */,
			);
			buildRules = (
			);
			dependencies = (
				F02DBFEE29C1B824007CBE9D /* PBXTargetDependency */,
			);
			name = MytubeUITests;
			productName = MytubeUITests;
			productReference = F02DBFEC29C1B824007CBE9D /* MytubeUITests.xctest */;
			productType = "com.apple.product-type.bundle.ui-testing";
		};
/* End PBXNativeTarget section */

/* Begin PBXProject section */
		F02DBFC429C1B822007CBE9D /* Project object */ = {
			isa = PBXProject;
			attributes = {
				BuildIndependentTargetsInParallel = 1;
				LastSwiftUpdateCheck = 1420;
				LastUpgradeCheck = 1420;
				TargetAttributes = {
					F02DBFCB29C1B822007CBE9D = {
						CreatedOnToolsVersion = 14.2;
					};
					F02DBFE129C1B824007CBE9D = {
						CreatedOnToolsVersion = 14.2;
						TestTargetID = F02DBFCB29C1B822007CBE9D;
					};
					F02DBFEB29C1B824007CBE9D = {
						CreatedOnToolsVersion = 14.2;
						TestTargetID = F02DBFCB29C1B822007CBE9D;
					};
				};
			};
			buildConfigurationList = F02DBFC729C1B822007CBE9D /* Build configuration list for PBXProject "Mytube" */;
			compatibilityVersion = "Xcode 14.0";
			developmentRegion = en;
			hasScannedForEncodings = 0;
			knownRegions = (
				en,
				Base,
			);
			mainGroup = F02DBFC329C1B822007CBE9D;
			productRefGroup = F02DBFCD29C1B822007CBE9D /* Products */;
			projectDirPath = "";
			projectRoot = "";
			targets = (
				F02DBFCB29C1B822007CBE9D /* Mytube */,
				F02DBFE129C1B824007CBE9D /* MytubeTests */,
				F02DBFEB29C1B824007CBE9D /* MytubeUITests */,
			);
		};
/* End PBXProject section */

/* Begin PBXResourcesBuildPhase section */
		F02DBFCA29C1B822007CBE9D /* Resources */ = {
			isa = PBXResourcesBuildPhase;
			buildActionMask = 2147483647;
			files = (
				F02DBFDC29C1B823007CBE9D /* LaunchScreen.storyboard in Resources */,
				F02DBFD929C1B823007CBE9D /* Assets.xcassets in Resources */,
				F02DBFD729C1B822007CBE9D /* Main.storyboard in Resources */,
			);
			runOnlyForDeploymentPostprocessing = 0;
		};
		F02DBFE029C1B824007CBE9D /* Resources */ = {
			isa = PBXResourcesBuildPhase;
			buildActionMask = 2147483647;
			files = (
			);
			runOnlyForDeploymentPostprocessing = 0;
		};
		F02DBFEA29C1B824007CBE9D /* Resources */ = {
			isa = PBXResourcesBuildPhase;
			buildActionMask = 2147483647;
			files = (
			);
			runOnlyForDeploymentPostprocessing = 0;
		};
/* End PBXResourcesBuildPhase section */

/* Begin PBXSourcesBuildPhase section */
		F02DBFC829C1B822007CBE9D /* Sources */ = {
			isa = PBXSourcesBuildPhase;
			buildActionMask = 2147483647;
			files = (
				F08CC65529C96E2100EE8961 /* SearchViewController.swift in Sources */,
				F02DBFD429C1B822007CBE9D /* ViewController.swift in Sources */,
				F08CC64D29C9491700EE8961 /* CategoryButton.swift in Sources */,
				F02DBFD029C1B822007CBE9D /* AppDelegate.swift in Sources */,
				F02DBFD229C1B822007CBE9D /* SceneDelegate.swift in Sources */,
				F0492E6129C4675100BC69F8 /* ViewController +.swift in Sources */,
			);
			runOnlyForDeploymentPostprocessing = 0;
		};
		F02DBFDE29C1B824007CBE9D /* Sources */ = {
			isa = PBXSourcesBuildPhase;
			buildActionMask = 2147483647;
			files = (
				F02DBFE729C1B824007CBE9D /* MytubeTests.swift in Sources */,
			);
			runOnlyForDeploymentPostprocessing = 0;
		};
		F02DBFE829C1B824007CBE9D /* Sources */ = {
			isa = PBXSourcesBuildPhase;
			buildActionMask = 2147483647;
			files = (
				F02DBFF329C1B824007CBE9D /* MytubeUITestsLaunchTests.swift in Sources */,
				F02DBFF129C1B824007CBE9D /* MytubeUITests.swift in Sources */,
			);
			runOnlyForDeploymentPostprocessing = 0;
		};
/* End PBXSourcesBuildPhase section */

/* Begin PBXTargetDependency section */
		F02DBFE429C1B824007CBE9D /* PBXTargetDependency */ = {
			isa = PBXTargetDependency;
			target = F02DBFCB29C1B822007CBE9D /* Mytube */;
			targetProxy = F02DBFE329C1B824007CBE9D /* PBXContainerItemProxy */;
		};
		F02DBFEE29C1B824007CBE9D /* PBXTargetDependency */ = {
			isa = PBXTargetDependency;
			target = F02DBFCB29C1B822007CBE9D /* Mytube */;
			targetProxy = F02DBFED29C1B824007CBE9D /* PBXContainerItemProxy */;
		};
/* End PBXTargetDependency section */

/* Begin PBXVariantGroup section */
		F02DBFD529C1B822007CBE9D /* Main.storyboard */ = {
			isa = PBXVariantGroup;
			children = (
				F02DBFD629C1B822007CBE9D /* Base */,
			);
			name = Main.storyboard;
			sourceTree = "<group>";
		};
		F02DBFDA29C1B823007CBE9D /* LaunchScreen.storyboard */ = {
			isa = PBXVariantGroup;
			children = (
				F02DBFDB29C1B823007CBE9D /* Base */,
			);
			name = LaunchScreen.storyboard;
			sourceTree = "<group>";
		};
/* End PBXVariantGroup section */

/* Begin XCBuildConfiguration section */
		F02DBFF429C1B824007CBE9D /* Debug */ = {
			isa = XCBuildConfiguration;
			buildSettings = {
				ALWAYS_SEARCH_USER_PATHS = NO;
				CLANG_ANALYZER_NONNULL = YES;
				CLANG_ANALYZER_NUMBER_OBJECT_CONVERSION = YES_AGGRESSIVE;
				CLANG_CXX_LANGUAGE_STANDARD = "gnu++20";
				CLANG_ENABLE_MODULES = YES;
				CLANG_ENABLE_OBJC_ARC = YES;
				CLANG_ENABLE_OBJC_WEAK = YES;
				CLANG_WARN_BLOCK_CAPTURE_AUTORELEASING = YES;
				CLANG_WARN_BOOL_CONVERSION = YES;
				CLANG_WARN_COMMA = YES;
				CLANG_WARN_CONSTANT_CONVERSION = YES;
				CLANG_WARN_DEPRECATED_OBJC_IMPLEMENTATIONS = YES;
				CLANG_WARN_DIRECT_OBJC_ISA_USAGE = YES_ERROR;
				CLANG_WARN_DOCUMENTATION_COMMENTS = YES;
				CLANG_WARN_EMPTY_BODY = YES;
				CLANG_WARN_ENUM_CONVERSION = YES;
				CLANG_WARN_INFINITE_RECURSION = YES;
				CLANG_WARN_INT_CONVERSION = YES;
				CLANG_WARN_NON_LITERAL_NULL_CONVERSION = YES;
				CLANG_WARN_OBJC_IMPLICIT_RETAIN_SELF = YES;
				CLANG_WARN_OBJC_LITERAL_CONVERSION = YES;
				CLANG_WARN_OBJC_ROOT_CLASS = YES_ERROR;
				CLANG_WARN_QUOTED_INCLUDE_IN_FRAMEWORK_HEADER = YES;
				CLANG_WARN_RANGE_LOOP_ANALYSIS = YES;
				CLANG_WARN_STRICT_PROTOTYPES = YES;
				CLANG_WARN_SUSPICIOUS_MOVE = YES;
				CLANG_WARN_UNGUARDED_AVAILABILITY = YES_AGGRESSIVE;
				CLANG_WARN_UNREACHABLE_CODE = YES;
				CLANG_WARN__DUPLICATE_METHOD_MATCH = YES;
				COPY_PHASE_STRIP = NO;
				DEBUG_INFORMATION_FORMAT = dwarf;
				ENABLE_STRICT_OBJC_MSGSEND = YES;
				ENABLE_TESTABILITY = YES;
				GCC_C_LANGUAGE_STANDARD = gnu11;
				GCC_DYNAMIC_NO_PIC = NO;
				GCC_NO_COMMON_BLOCKS = YES;
				GCC_OPTIMIZATION_LEVEL = 0;
				GCC_PREPROCESSOR_DEFINITIONS = (
					"DEBUG=1",
					"$(inherited)",
				);
				GCC_WARN_64_TO_32_BIT_CONVERSION = YES;
				GCC_WARN_ABOUT_RETURN_TYPE = YES_ERROR;
				GCC_WARN_UNDECLARED_SELECTOR = YES;
				GCC_WARN_UNINITIALIZED_AUTOS = YES_AGGRESSIVE;
				GCC_WARN_UNUSED_FUNCTION = YES;
				GCC_WARN_UNUSED_VARIABLE = YES;
				IPHONEOS_DEPLOYMENT_TARGET = 16.2;
				MTL_ENABLE_DEBUG_INFO = INCLUDE_SOURCE;
				MTL_FAST_MATH = YES;
				ONLY_ACTIVE_ARCH = YES;
				SDKROOT = iphoneos;
				SWIFT_ACTIVE_COMPILATION_CONDITIONS = DEBUG;
				SWIFT_OPTIMIZATION_LEVEL = "-Onone";
			};
			name = Debug;
		};
		F02DBFF529C1B824007CBE9D /* Release */ = {
			isa = XCBuildConfiguration;
			buildSettings = {
				ALWAYS_SEARCH_USER_PATHS = NO;
				CLANG_ANALYZER_NONNULL = YES;
				CLANG_ANALYZER_NUMBER_OBJECT_CONVERSION = YES_AGGRESSIVE;
				CLANG_CXX_LANGUAGE_STANDARD = "gnu++20";
				CLANG_ENABLE_MODULES = YES;
				CLANG_ENABLE_OBJC_ARC = YES;
				CLANG_ENABLE_OBJC_WEAK = YES;
				CLANG_WARN_BLOCK_CAPTURE_AUTORELEASING = YES;
				CLANG_WARN_BOOL_CONVERSION = YES;
				CLANG_WARN_COMMA = YES;
				CLANG_WARN_CONSTANT_CONVERSION = YES;
				CLANG_WARN_DEPRECATED_OBJC_IMPLEMENTATIONS = YES;
				CLANG_WARN_DIRECT_OBJC_ISA_USAGE = YES_ERROR;
				CLANG_WARN_DOCUMENTATION_COMMENTS = YES;
				CLANG_WARN_EMPTY_BODY = YES;
				CLANG_WARN_ENUM_CONVERSION = YES;
				CLANG_WARN_INFINITE_RECURSION = YES;
				CLANG_WARN_INT_CONVERSION = YES;
				CLANG_WARN_NON_LITERAL_NULL_CONVERSION = YES;
				CLANG_WARN_OBJC_IMPLICIT_RETAIN_SELF = YES;
				CLANG_WARN_OBJC_LITERAL_CONVERSION = YES;
				CLANG_WARN_OBJC_ROOT_CLASS = YES_ERROR;
				CLANG_WARN_QUOTED_INCLUDE_IN_FRAMEWORK_HEADER = YES;
				CLANG_WARN_RANGE_LOOP_ANALYSIS = YES;
				CLANG_WARN_STRICT_PROTOTYPES = YES;
				CLANG_WARN_SUSPICIOUS_MOVE = YES;
				CLANG_WARN_UNGUARDED_AVAILABILITY = YES_AGGRESSIVE;
				CLANG_WARN_UNREACHABLE_CODE = YES;
				CLANG_WARN__DUPLICATE_METHOD_MATCH = YES;
				COPY_PHASE_STRIP = NO;
				DEBUG_INFORMATION_FORMAT = "dwarf-with-dsym";
				ENABLE_NS_ASSERTIONS = NO;
				ENABLE_STRICT_OBJC_MSGSEND = YES;
				GCC_C_LANGUAGE_STANDARD = gnu11;
				GCC_NO_COMMON_BLOCKS = YES;
				GCC_WARN_64_TO_32_BIT_CONVERSION = YES;
				GCC_WARN_ABOUT_RETURN_TYPE = YES_ERROR;
				GCC_WARN_UNDECLARED_SELECTOR = YES;
				GCC_WARN_UNINITIALIZED_AUTOS = YES_AGGRESSIVE;
				GCC_WARN_UNUSED_FUNCTION = YES;
				GCC_WARN_UNUSED_VARIABLE = YES;
				IPHONEOS_DEPLOYMENT_TARGET = 16.2;
				MTL_ENABLE_DEBUG_INFO = NO;
				MTL_FAST_MATH = YES;
				SDKROOT = iphoneos;
				SWIFT_COMPILATION_MODE = wholemodule;
				SWIFT_OPTIMIZATION_LEVEL = "-O";
				VALIDATE_PRODUCT = YES;
			};
			name = Release;
		};
		F02DBFF729C1B824007CBE9D /* Debug */ = {
			isa = XCBuildConfiguration;
			buildSettings = {
				ASSETCATALOG_COMPILER_APPICON_NAME = AppIcon;
				ASSETCATALOG_COMPILER_GLOBAL_ACCENT_COLOR_NAME = AccentColor;
				CODE_SIGN_IDENTITY = "Apple Development";
				CODE_SIGN_STYLE = Automatic;
				CURRENT_PROJECT_VERSION = 1;
				DEVELOPMENT_TEAM = 6XUFHJJ478;
				GENERATE_INFOPLIST_FILE = YES;
				INFOPLIST_FILE = Mytube/Info.plist;
				INFOPLIST_KEY_UIApplicationSupportsIndirectInputEvents = YES;
				INFOPLIST_KEY_UILaunchStoryboardName = LaunchScreen;
				INFOPLIST_KEY_UIMainStoryboardFile = Main;
				INFOPLIST_KEY_UISupportedInterfaceOrientations_iPad = "UIInterfaceOrientationPortrait UIInterfaceOrientationPortraitUpsideDown UIInterfaceOrientationLandscapeLeft UIInterfaceOrientationLandscapeRight";
				INFOPLIST_KEY_UISupportedInterfaceOrientations_iPhone = "UIInterfaceOrientationPortrait UIInterfaceOrientationLandscapeLeft UIInterfaceOrientationLandscapeRight";
				IPHONEOS_DEPLOYMENT_TARGET = 14.0;
				LD_RUNPATH_SEARCH_PATHS = (
					"$(inherited)",
					"@executable_path/Frameworks",
				);
				MARKETING_VERSION = 1.0;
				PRODUCT_BUNDLE_IDENTIFIER = test.first.Mytube;
				PRODUCT_NAME = "$(TARGET_NAME)";
				PROVISIONING_PROFILE_SPECIFIER = "";
				SWIFT_EMIT_LOC_STRINGS = YES;
				SWIFT_VERSION = 5.0;
				TARGETED_DEVICE_FAMILY = "1,2";
			};
			name = Debug;
		};
		F02DBFF829C1B824007CBE9D /* Release */ = {
			isa = XCBuildConfiguration;
			buildSettings = {
				ASSETCATALOG_COMPILER_APPICON_NAME = AppIcon;
				ASSETCATALOG_COMPILER_GLOBAL_ACCENT_COLOR_NAME = AccentColor;
				CODE_SIGN_IDENTITY = "Apple Development";
				CODE_SIGN_STYLE = Automatic;
				CURRENT_PROJECT_VERSION = 1;
				DEVELOPMENT_TEAM = 6XUFHJJ478;
				GENERATE_INFOPLIST_FILE = YES;
				INFOPLIST_FILE = Mytube/Info.plist;
				INFOPLIST_KEY_UIApplicationSupportsIndirectInputEvents = YES;
				INFOPLIST_KEY_UILaunchStoryboardName = LaunchScreen;
				INFOPLIST_KEY_UIMainStoryboardFile = Main;
				INFOPLIST_KEY_UISupportedInterfaceOrientations_iPad = "UIInterfaceOrientationPortrait UIInterfaceOrientationPortraitUpsideDown UIInterfaceOrientationLandscapeLeft UIInterfaceOrientationLandscapeRight";
				INFOPLIST_KEY_UISupportedInterfaceOrientations_iPhone = "UIInterfaceOrientationPortrait UIInterfaceOrientationLandscapeLeft UIInterfaceOrientationLandscapeRight";
				IPHONEOS_DEPLOYMENT_TARGET = 14.0;
				LD_RUNPATH_SEARCH_PATHS = (
					"$(inherited)",
					"@executable_path/Frameworks",
				);
				MARKETING_VERSION = 1.0;
				PRODUCT_BUNDLE_IDENTIFIER = test.first.Mytube;
				PRODUCT_NAME = "$(TARGET_NAME)";
				PROVISIONING_PROFILE_SPECIFIER = "";
				SWIFT_EMIT_LOC_STRINGS = YES;
				SWIFT_VERSION = 5.0;
				TARGETED_DEVICE_FAMILY = "1,2";
			};
			name = Release;
		};
		F02DBFFA29C1B824007CBE9D /* Debug */ = {
			isa = XCBuildConfiguration;
			buildSettings = {
				ALWAYS_EMBED_SWIFT_STANDARD_LIBRARIES = YES;
				BUNDLE_LOADER = "$(TEST_HOST)";
				CODE_SIGN_STYLE = Automatic;
				CURRENT_PROJECT_VERSION = 1;
				GENERATE_INFOPLIST_FILE = YES;
				IPHONEOS_DEPLOYMENT_TARGET = 16.2;
				MARKETING_VERSION = 1.0;
				PRODUCT_BUNDLE_IDENTIFIER = test.first.MytubeTests;
				PRODUCT_NAME = "$(TARGET_NAME)";
				SWIFT_EMIT_LOC_STRINGS = NO;
				SWIFT_VERSION = 5.0;
				TARGETED_DEVICE_FAMILY = "1,2";
				TEST_HOST = "$(BUILT_PRODUCTS_DIR)/Mytube.app/$(BUNDLE_EXECUTABLE_FOLDER_PATH)/Mytube";
			};
			name = Debug;
		};
		F02DBFFB29C1B824007CBE9D /* Release */ = {
			isa = XCBuildConfiguration;
			buildSettings = {
				ALWAYS_EMBED_SWIFT_STANDARD_LIBRARIES = YES;
				BUNDLE_LOADER = "$(TEST_HOST)";
				CODE_SIGN_STYLE = Automatic;
				CURRENT_PROJECT_VERSION = 1;
				GENERATE_INFOPLIST_FILE = YES;
				IPHONEOS_DEPLOYMENT_TARGET = 16.2;
				MARKETING_VERSION = 1.0;
				PRODUCT_BUNDLE_IDENTIFIER = test.first.MytubeTests;
				PRODUCT_NAME = "$(TARGET_NAME)";
				SWIFT_EMIT_LOC_STRINGS = NO;
				SWIFT_VERSION = 5.0;
				TARGETED_DEVICE_FAMILY = "1,2";
				TEST_HOST = "$(BUILT_PRODUCTS_DIR)/Mytube.app/$(BUNDLE_EXECUTABLE_FOLDER_PATH)/Mytube";
			};
			name = Release;
		};
		F02DBFFD29C1B824007CBE9D /* Debug */ = {
			isa = XCBuildConfiguration;
			buildSettings = {
				ALWAYS_EMBED_SWIFT_STANDARD_LIBRARIES = YES;
				CODE_SIGN_STYLE = Automatic;
				CURRENT_PROJECT_VERSION = 1;
				GENERATE_INFOPLIST_FILE = YES;
				MARKETING_VERSION = 1.0;
				PRODUCT_BUNDLE_IDENTIFIER = test.first.MytubeUITests;
				PRODUCT_NAME = "$(TARGET_NAME)";
				SWIFT_EMIT_LOC_STRINGS = NO;
				SWIFT_VERSION = 5.0;
				TARGETED_DEVICE_FAMILY = "1,2";
				TEST_TARGET_NAME = Mytube;
			};
			name = Debug;
		};
		F02DBFFE29C1B824007CBE9D /* Release */ = {
			isa = XCBuildConfiguration;
			buildSettings = {
				ALWAYS_EMBED_SWIFT_STANDARD_LIBRARIES = YES;
				CODE_SIGN_STYLE = Automatic;
				CURRENT_PROJECT_VERSION = 1;
				GENERATE_INFOPLIST_FILE = YES;
				MARKETING_VERSION = 1.0;
				PRODUCT_BUNDLE_IDENTIFIER = test.first.MytubeUITests;
				PRODUCT_NAME = "$(TARGET_NAME)";
				SWIFT_EMIT_LOC_STRINGS = NO;
				SWIFT_VERSION = 5.0;
				TARGETED_DEVICE_FAMILY = "1,2";
				TEST_TARGET_NAME = Mytube;
			};
			name = Release;
		};
/* End XCBuildConfiguration section */

/* Begin XCConfigurationList section */
		F02DBFC729C1B822007CBE9D /* Build configuration list for PBXProject "Mytube" */ = {
			isa = XCConfigurationList;
			buildConfigurations = (
				F02DBFF429C1B824007CBE9D /* Debug */,
				F02DBFF529C1B824007CBE9D /* Release */,
			);
			defaultConfigurationIsVisible = 0;
			defaultConfigurationName = Release;
		};
		F02DBFF629C1B824007CBE9D /* Build configuration list for PBXNativeTarget "Mytube" */ = {
			isa = XCConfigurationList;
			buildConfigurations = (
				F02DBFF729C1B824007CBE9D /* Debug */,
				F02DBFF829C1B824007CBE9D /* Release */,
			);
			defaultConfigurationIsVisible = 0;
			defaultConfigurationName = Release;
		};
		F02DBFF929C1B824007CBE9D /* Build configuration list for PBXNativeTarget "MytubeTests" */ = {
			isa = XCConfigurationList;
			buildConfigurations = (
				F02DBFFA29C1B824007CBE9D /* Debug */,
				F02DBFFB29C1B824007CBE9D /* Release */,
			);
			defaultConfigurationIsVisible = 0;
			defaultConfigurationName = Release;
		};
		F02DBFFC29C1B824007CBE9D /* Build configuration list for PBXNativeTarget "MytubeUITests" */ = {
			isa = XCConfigurationList;
			buildConfigurations = (
				F02DBFFD29C1B824007CBE9D /* Debug */,
				F02DBFFE29C1B824007CBE9D /* Release */,
			);
			defaultConfigurationIsVisible = 0;
			defaultConfigurationName = Release;
		};
/* End XCConfigurationList section */
	};
	rootObject = F02DBFC429C1B822007CBE9D /* Project object */;
}
